// !$*UTF8*$!
{
	archiveVersion = 1;
	classes = {
	};
	objectVersion = 51;
	objects = {

/* Begin PBXBuildFile section */
		430FD82233B6D42D02EF3851 /* Pods_IOS_Assignment.framework in Frameworks */ = {isa = PBXBuildFile; fileRef = D91942043B54F85CF3B641D9 /* Pods_IOS_Assignment.framework */; };
		9805F61625F3862C00E9D41A /* pizza.png in Resources */ = {isa = PBXBuildFile; fileRef = 9805F61525F3862C00E9D41A /* pizza.png */; };
		9805F61A25F3869100E9D41A /* french-fries.png in Resources */ = {isa = PBXBuildFile; fileRef = 9805F61925F3869100E9D41A /* french-fries.png */; };
		9805F61D25F3869900E9D41A /* burger.png in Resources */ = {isa = PBXBuildFile; fileRef = 9805F61C25F3869900E9D41A /* burger.png */; };
		9805F62025F387B700E9D41A /* healthy-eating.png in Resources */ = {isa = PBXBuildFile; fileRef = 9805F61F25F387B700E9D41A /* healthy-eating.png */; };
		9805F62325F3884300E9D41A /* mutton.png in Resources */ = {isa = PBXBuildFile; fileRef = 9805F62225F3884300E9D41A /* mutton.png */; };
		9805F62625F3884900E9D41A /* hot-dog.png in Resources */ = {isa = PBXBuildFile; fileRef = 9805F62525F3884900E9D41A /* hot-dog.png */; };
		9805F62925F3892600E9D41A /* cake.png in Resources */ = {isa = PBXBuildFile; fileRef = 9805F62825F3892600E9D41A /* cake.png */; };
		9805F62C25F3892B00E9D41A /* coffee-cup.png in Resources */ = {isa = PBXBuildFile; fileRef = 9805F62B25F3892B00E9D41A /* coffee-cup.png */; };
		9805F62F25F3898400E9D41A /* cocktail.png in Resources */ = {isa = PBXBuildFile; fileRef = 9805F62E25F3898400E9D41A /* cocktail.png */; };
		981051F225EF5C32000A2B2B /* GoogleService-Info.plist in Resources */ = {isa = PBXBuildFile; fileRef = 981051F125EF5C32000A2B2B /* GoogleService-Info.plist */; };
		98337DF325ED0B7000C309D1 /* HomeViewController.swift in Sources */ = {isa = PBXBuildFile; fileRef = 98337DF225ED0B7000C309D1 /* HomeViewController.swift */; };
		98337DF725ED0DB300C309D1 /* CartTableViewCell.swift in Sources */ = {isa = PBXBuildFile; fileRef = 98337DF525ED0DB300C309D1 /* CartTableViewCell.swift */; };
		98337DF825ED0DB300C309D1 /* CartTableViewCell.xib in Resources */ = {isa = PBXBuildFile; fileRef = 98337DF625ED0DB300C309D1 /* CartTableViewCell.xib */; };
		98337DFB25ED21AF00C309D1 /* Foods.swift in Sources */ = {isa = PBXBuildFile; fileRef = 98337DFA25ED21AF00C309D1 /* Foods.swift */; };
		98337DFF25ED229D00C309D1 /* FoodsTableViewCell.swift in Sources */ = {isa = PBXBuildFile; fileRef = 98337DFD25ED229D00C309D1 /* FoodsTableViewCell.swift */; };
		98337E0025ED229D00C309D1 /* FoodsTableViewCell.xib in Resources */ = {isa = PBXBuildFile; fileRef = 98337DFE25ED229D00C309D1 /* FoodsTableViewCell.xib */; };
		98337E0425ED656E00C309D1 /* FoodDetailViewController.swift in Sources */ = {isa = PBXBuildFile; fileRef = 98337E0325ED656E00C309D1 /* FoodDetailViewController.swift */; };
		98337E0725ED6E4200C309D1 /* hr.jpg in Resources */ = {isa = PBXBuildFile; fileRef = 98337E0625ED6E4200C309D1 /* hr.jpg */; };
		9849917225E2187500CD4C63 /* AppDelegate.swift in Sources */ = {isa = PBXBuildFile; fileRef = 9849917125E2187500CD4C63 /* AppDelegate.swift */; };
		9849917425E2187500CD4C63 /* SceneDelegate.swift in Sources */ = {isa = PBXBuildFile; fileRef = 9849917325E2187500CD4C63 /* SceneDelegate.swift */; };
		9849917625E2187500CD4C63 /* LoginViewController.swift in Sources */ = {isa = PBXBuildFile; fileRef = 9849917525E2187500CD4C63 /* LoginViewController.swift */; };
		9849917925E2187500CD4C63 /* Main.storyboard in Resources */ = {isa = PBXBuildFile; fileRef = 9849917725E2187500CD4C63 /* Main.storyboard */; };
		9849917B25E2187500CD4C63 /* Assets.xcassets in Resources */ = {isa = PBXBuildFile; fileRef = 9849917A25E2187500CD4C63 /* Assets.xcassets */; };
		9849917E25E2187500CD4C63 /* LaunchScreen.storyboard in Resources */ = {isa = PBXBuildFile; fileRef = 9849917C25E2187500CD4C63 /* LaunchScreen.storyboard */; };
		989709DB25F000CE00D1C0AB /* OrderViewController.swift in Sources */ = {isa = PBXBuildFile; fileRef = 989709DA25F000CE00D1C0AB /* OrderViewController.swift */; };
		989709E025F0054600D1C0AB /* OrderTableViewCell.swift in Sources */ = {isa = PBXBuildFile; fileRef = 989709DE25F0054600D1C0AB /* OrderTableViewCell.swift */; };
		989709E125F0054600D1C0AB /* OrderTableViewCell.xib in Resources */ = {isa = PBXBuildFile; fileRef = 989709DF25F0054600D1C0AB /* OrderTableViewCell.xib */; };
		98990F7425EB5D87006E37DF /* icons8-kitchen-room-96.png in Resources */ = {isa = PBXBuildFile; fileRef = 98990F7325EB5D87006E37DF /* icons8-kitchen-room-96.png */; };
		98990F7C25EB63FB006E37DF /* SignUpViewController.swift in Sources */ = {isa = PBXBuildFile; fileRef = 98990F7B25EB63FB006E37DF /* SignUpViewController.swift */; };
		98990F7F25EB71FC006E37DF /* pin2x-1.png in Resources */ = {isa = PBXBuildFile; fileRef = 98990F7E25EB71FC006E37DF /* pin2x-1.png */; };
		98990F8725EB73D1006E37DF /* LocationViewController.swift in Sources */ = {isa = PBXBuildFile; fileRef = 98990F8625EB73D1006E37DF /* LocationViewController.swift */; };
		98990F8A25EB780F006E37DF /* layer-211@2x.png in Resources */ = {isa = PBXBuildFile; fileRef = 98990F8925EB780F006E37DF /* layer-211@2x.png */; };
		98990F9625EB8D09006E37DF /* LocationService.swift in Sources */ = {isa = PBXBuildFile; fileRef = 98990F9525EB8D09006E37DF /* LocationService.swift */; };
		98990F9E25EB9D26006E37DF /* Cart.swift in Sources */ = {isa = PBXBuildFile; fileRef = 98990F9D25EB9D26006E37DF /* Cart.swift */; };
/* End PBXBuildFile section */

/* Begin PBXFileReference section */
		9805F61525F3862C00E9D41A /* pizza.png */ = {isa = PBXFileReference; lastKnownFileType = image.png; path = pizza.png; sourceTree = "<group>"; };
		9805F61925F3869100E9D41A /* french-fries.png */ = {isa = PBXFileReference; lastKnownFileType = image.png; path = "french-fries.png"; sourceTree = "<group>"; };
		9805F61C25F3869900E9D41A /* burger.png */ = {isa = PBXFileReference; lastKnownFileType = image.png; path = burger.png; sourceTree = "<group>"; };
		9805F61F25F387B700E9D41A /* healthy-eating.png */ = {isa = PBXFileReference; lastKnownFileType = image.png; path = "healthy-eating.png"; sourceTree = "<group>"; };
		9805F62225F3884300E9D41A /* mutton.png */ = {isa = PBXFileReference; lastKnownFileType = image.png; path = mutton.png; sourceTree = "<group>"; };
		9805F62525F3884900E9D41A /* hot-dog.png */ = {isa = PBXFileReference; lastKnownFileType = image.png; path = "hot-dog.png"; sourceTree = "<group>"; };
		9805F62825F3892600E9D41A /* cake.png */ = {isa = PBXFileReference; lastKnownFileType = image.png; path = cake.png; sourceTree = "<group>"; };
		9805F62B25F3892B00E9D41A /* coffee-cup.png */ = {isa = PBXFileReference; lastKnownFileType = image.png; path = "coffee-cup.png"; sourceTree = "<group>"; };
		9805F62E25F3898400E9D41A /* cocktail.png */ = {isa = PBXFileReference; lastKnownFileType = image.png; path = cocktail.png; sourceTree = "<group>"; };
		981051F125EF5C32000A2B2B /* GoogleService-Info.plist */ = {isa = PBXFileReference; fileEncoding = 4; lastKnownFileType = text.plist.xml; path = "GoogleService-Info.plist"; sourceTree = "<group>"; };
		98337DF225ED0B7000C309D1 /* HomeViewController.swift */ = {isa = PBXFileReference; lastKnownFileType = sourcecode.swift; path = HomeViewController.swift; sourceTree = "<group>"; };
		98337DF525ED0DB300C309D1 /* CartTableViewCell.swift */ = {isa = PBXFileReference; lastKnownFileType = sourcecode.swift; path = CartTableViewCell.swift; sourceTree = "<group>"; };
		98337DF625ED0DB300C309D1 /* CartTableViewCell.xib */ = {isa = PBXFileReference; lastKnownFileType = file.xib; path = CartTableViewCell.xib; sourceTree = "<group>"; };
		98337DFA25ED21AF00C309D1 /* Foods.swift */ = {isa = PBXFileReference; lastKnownFileType = sourcecode.swift; path = Foods.swift; sourceTree = "<group>"; };
		98337DFD25ED229D00C309D1 /* FoodsTableViewCell.swift */ = {isa = PBXFileReference; lastKnownFileType = sourcecode.swift; path = FoodsTableViewCell.swift; sourceTree = "<group>"; };
		98337DFE25ED229D00C309D1 /* FoodsTableViewCell.xib */ = {isa = PBXFileReference; lastKnownFileType = file.xib; path = FoodsTableViewCell.xib; sourceTree = "<group>"; };
		98337E0325ED656E00C309D1 /* FoodDetailViewController.swift */ = {isa = PBXFileReference; lastKnownFileType = sourcecode.swift; path = FoodDetailViewController.swift; sourceTree = "<group>"; };
		98337E0625ED6E4200C309D1 /* hr.jpg */ = {isa = PBXFileReference; lastKnownFileType = image.jpeg; path = hr.jpg; sourceTree = "<group>"; };
		9849916E25E2187500CD4C63 /* IOS_Assignment.app */ = {isa = PBXFileReference; explicitFileType = wrapper.application; includeInIndex = 0; path = IOS_Assignment.app; sourceTree = BUILT_PRODUCTS_DIR; };
		9849917125E2187500CD4C63 /* AppDelegate.swift */ = {isa = PBXFileReference; lastKnownFileType = sourcecode.swift; path = AppDelegate.swift; sourceTree = "<group>"; };
		9849917325E2187500CD4C63 /* SceneDelegate.swift */ = {isa = PBXFileReference; lastKnownFileType = sourcecode.swift; path = SceneDelegate.swift; sourceTree = "<group>"; };
		9849917525E2187500CD4C63 /* LoginViewController.swift */ = {isa = PBXFileReference; lastKnownFileType = sourcecode.swift; path = LoginViewController.swift; sourceTree = "<group>"; };
		9849917825E2187500CD4C63 /* Base */ = {isa = PBXFileReference; lastKnownFileType = file.storyboard; name = Base; path = Base.lproj/Main.storyboard; sourceTree = "<group>"; };
		9849917A25E2187500CD4C63 /* Assets.xcassets */ = {isa = PBXFileReference; lastKnownFileType = folder.assetcatalog; path = Assets.xcassets; sourceTree = "<group>"; };
		9849917D25E2187500CD4C63 /* Base */ = {isa = PBXFileReference; lastKnownFileType = file.storyboard; name = Base; path = Base.lproj/LaunchScreen.storyboard; sourceTree = "<group>"; };
		9849917F25E2187500CD4C63 /* Info.plist */ = {isa = PBXFileReference; lastKnownFileType = text.plist.xml; path = Info.plist; sourceTree = "<group>"; };
		989709DA25F000CE00D1C0AB /* OrderViewController.swift */ = {isa = PBXFileReference; lastKnownFileType = sourcecode.swift; path = OrderViewController.swift; sourceTree = "<group>"; };
		989709DE25F0054600D1C0AB /* OrderTableViewCell.swift */ = {isa = PBXFileReference; lastKnownFileType = sourcecode.swift; path = OrderTableViewCell.swift; sourceTree = "<group>"; };
		989709DF25F0054600D1C0AB /* OrderTableViewCell.xib */ = {isa = PBXFileReference; lastKnownFileType = file.xib; path = OrderTableViewCell.xib; sourceTree = "<group>"; };
		98990F7325EB5D87006E37DF /* icons8-kitchen-room-96.png */ = {isa = PBXFileReference; lastKnownFileType = image.png; path = "icons8-kitchen-room-96.png"; sourceTree = "<group>"; };
		98990F7B25EB63FB006E37DF /* SignUpViewController.swift */ = {isa = PBXFileReference; lastKnownFileType = sourcecode.swift; path = SignUpViewController.swift; sourceTree = "<group>"; };
		98990F7E25EB71FC006E37DF /* pin2x-1.png */ = {isa = PBXFileReference; lastKnownFileType = image.png; path = "pin2x-1.png"; sourceTree = "<group>"; };
		98990F8625EB73D1006E37DF /* LocationViewController.swift */ = {isa = PBXFileReference; lastKnownFileType = sourcecode.swift; path = LocationViewController.swift; sourceTree = "<group>"; };
		98990F8925EB780F006E37DF /* layer-211@2x.png */ = {isa = PBXFileReference; lastKnownFileType = image.png; path = "layer-211@2x.png"; sourceTree = "<group>"; };
		98990F9525EB8D09006E37DF /* LocationService.swift */ = {isa = PBXFileReference; lastKnownFileType = sourcecode.swift; path = LocationService.swift; sourceTree = "<group>"; };
		98990F9D25EB9D26006E37DF /* Cart.swift */ = {isa = PBXFileReference; lastKnownFileType = sourcecode.swift; path = Cart.swift; sourceTree = "<group>"; };
		D3122F9D4DB77C72BBD873B6 /* Pods-IOS_Assignment.release.xcconfig */ = {isa = PBXFileReference; includeInIndex = 1; lastKnownFileType = text.xcconfig; name = "Pods-IOS_Assignment.release.xcconfig"; path = "Target Support Files/Pods-IOS_Assignment/Pods-IOS_Assignment.release.xcconfig"; sourceTree = "<group>"; };
		D91942043B54F85CF3B641D9 /* Pods_IOS_Assignment.framework */ = {isa = PBXFileReference; explicitFileType = wrapper.framework; includeInIndex = 0; path = Pods_IOS_Assignment.framework; sourceTree = BUILT_PRODUCTS_DIR; };
		E0A1EAB5E4C9EB130ABA871D /* Pods-IOS_Assignment.debug.xcconfig */ = {isa = PBXFileReference; includeInIndex = 1; lastKnownFileType = text.xcconfig; name = "Pods-IOS_Assignment.debug.xcconfig"; path = "Target Support Files/Pods-IOS_Assignment/Pods-IOS_Assignment.debug.xcconfig"; sourceTree = "<group>"; };
/* End PBXFileReference section */

/* Begin PBXFrameworksBuildPhase section */
		9849916B25E2187500CD4C63 /* Frameworks */ = {
			isa = PBXFrameworksBuildPhase;
			buildActionMask = 2147483647;
			files = (
				430FD82233B6D42D02EF3851 /* Pods_IOS_Assignment.framework in Frameworks */,
			);
			runOnlyForDeploymentPostprocessing = 0;
		};
/* End PBXFrameworksBuildPhase section */

/* Begin PBXGroup section */
		32B4CF45129443501A91B832 /* Frameworks */ = {
			isa = PBXGroup;
			children = (
				D91942043B54F85CF3B641D9 /* Pods_IOS_Assignment.framework */,
			);
			name = Frameworks;
			sourceTree = "<group>";
		};
		9805F60525F3813900E9D41A /* Images */ = {
			isa = PBXGroup;
			children = (
				9805F61525F3862C00E9D41A /* pizza.png */,
				9805F61925F3869100E9D41A /* french-fries.png */,
				9805F62225F3884300E9D41A /* mutton.png */,
				9805F62525F3884900E9D41A /* hot-dog.png */,
				9805F62825F3892600E9D41A /* cake.png */,
				9805F61F25F387B700E9D41A /* healthy-eating.png */,
				9805F62B25F3892B00E9D41A /* coffee-cup.png */,
				9805F61C25F3869900E9D41A /* burger.png */,
				9805F62E25F3898400E9D41A /* cocktail.png */,
			);
			path = Images;
			sourceTree = "<group>";
		};
		9849916525E2187500CD4C63 = {
			isa = PBXGroup;
			children = (
				9805F60525F3813900E9D41A /* Images */,
				9849917025E2187500CD4C63 /* IOS_Assignment */,
				9849916F25E2187500CD4C63 /* Products */,
				F90A8AD1D5DB12CCEA96568D /* Pods */,
				32B4CF45129443501A91B832 /* Frameworks */,
			);
			sourceTree = "<group>";
		};
		9849916F25E2187500CD4C63 /* Products */ = {
			isa = PBXGroup;
			children = (
				9849916E25E2187500CD4C63 /* IOS_Assignment.app */,
			);
			name = Products;
			sourceTree = "<group>";
		};
		9849917025E2187500CD4C63 /* IOS_Assignment */ = {
			isa = PBXGroup;
			children = (
				98990FA625EBB3D9006E37DF /* Constant */,
				98990FA125EBAFEC006E37DF /* UiRow */,
				98990F9025EB8C43006E37DF /* Service */,
				98990F7125EB5A60006E37DF /* Controller */,
				98990F7025EB5A56006E37DF /* View */,
				98990F6F25EB5A4F006E37DF /* Model */,
				9849917125E2187500CD4C63 /* AppDelegate.swift */,
				9849917325E2187500CD4C63 /* SceneDelegate.swift */,
				9849917A25E2187500CD4C63 /* Assets.xcassets */,
				98337E0625ED6E4200C309D1 /* hr.jpg */,
				98990F8925EB780F006E37DF /* layer-211@2x.png */,
				98990F7E25EB71FC006E37DF /* pin2x-1.png */,
				98990F7325EB5D87006E37DF /* icons8-kitchen-room-96.png */,
				981051F125EF5C32000A2B2B /* GoogleService-Info.plist */,
				9849917F25E2187500CD4C63 /* Info.plist */,
			);
			path = IOS_Assignment;
			sourceTree = "<group>";
		};
		98990F6F25EB5A4F006E37DF /* Model */ = {
			isa = PBXGroup;
			children = (
				98990F9D25EB9D26006E37DF /* Cart.swift */,
				98337DFA25ED21AF00C309D1 /* Foods.swift */,
			);
			path = Model;
			sourceTree = "<group>";
		};
		98990F7025EB5A56006E37DF /* View */ = {
			isa = PBXGroup;
			children = (
				9849917725E2187500CD4C63 /* Main.storyboard */,
				9849917C25E2187500CD4C63 /* LaunchScreen.storyboard */,
			);
			path = View;
			sourceTree = "<group>";
		};
		98990F7125EB5A60006E37DF /* Controller */ = {
			isa = PBXGroup;
			children = (
				9849917525E2187500CD4C63 /* LoginViewController.swift */,
				98990F7B25EB63FB006E37DF /* SignUpViewController.swift */,
				98990F8625EB73D1006E37DF /* LocationViewController.swift */,
				98337DF225ED0B7000C309D1 /* HomeViewController.swift */,
				98337E0325ED656E00C309D1 /* FoodDetailViewController.swift */,
				989709DA25F000CE00D1C0AB /* OrderViewController.swift */,
			);
			path = Controller;
			sourceTree = "<group>";
		};
		98990F9025EB8C43006E37DF /* Service */ = {
			isa = PBXGroup;
			children = (
				98990F9525EB8D09006E37DF /* LocationService.swift */,
			);
			path = Service;
			sourceTree = "<group>";
		};
		98990FA125EBAFEC006E37DF /* UiRow */ = {
			isa = PBXGroup;
			children = (
				98337DF525ED0DB300C309D1 /* CartTableViewCell.swift */,
				98337DF625ED0DB300C309D1 /* CartTableViewCell.xib */,
				98337DFD25ED229D00C309D1 /* FoodsTableViewCell.swift */,
				98337DFE25ED229D00C309D1 /* FoodsTableViewCell.xib */,
				989709DE25F0054600D1C0AB /* OrderTableViewCell.swift */,
				989709DF25F0054600D1C0AB /* OrderTableViewCell.xib */,
			);
			path = UiRow;
			sourceTree = "<group>";
		};
		98990FA625EBB3D9006E37DF /* Constant */ = {
			isa = PBXGroup;
			children = (
			);
			path = Constant;
			sourceTree = "<group>";
		};
		F90A8AD1D5DB12CCEA96568D /* Pods */ = {
			isa = PBXGroup;
			children = (
				E0A1EAB5E4C9EB130ABA871D /* Pods-IOS_Assignment.debug.xcconfig */,
				D3122F9D4DB77C72BBD873B6 /* Pods-IOS_Assignment.release.xcconfig */,
			);
			path = Pods;
			sourceTree = "<group>";
		};
/* End PBXGroup section */

/* Begin PBXNativeTarget section */
		9849916D25E2187500CD4C63 /* IOS_Assignment */ = {
			isa = PBXNativeTarget;
			buildConfigurationList = 9849918225E2187500CD4C63 /* Build configuration list for PBXNativeTarget "IOS_Assignment" */;
			buildPhases = (
				937CAB8F9DE1DCE965A0C0F7 /* [CP] Check Pods Manifest.lock */,
				9849916A25E2187500CD4C63 /* Sources */,
				9849916B25E2187500CD4C63 /* Frameworks */,
				9849916C25E2187500CD4C63 /* Resources */,
				2D1526A8F3B7683C156915B9 /* [CP] Embed Pods Frameworks */,
			);
			buildRules = (
			);
			dependencies = (
			);
			name = IOS_Assignment;
			productName = IOS_Assignment;
			productReference = 9849916E25E2187500CD4C63 /* IOS_Assignment.app */;
			productType = "com.apple.product-type.application";
		};
/* End PBXNativeTarget section */

/* Begin PBXProject section */
		9849916625E2187500CD4C63 /* Project object */ = {
			isa = PBXProject;
			attributes = {
				LastSwiftUpdateCheck = 1240;
				LastUpgradeCheck = 1240;
				TargetAttributes = {
					9849916D25E2187500CD4C63 = {
						CreatedOnToolsVersion = 12.4;
					};
				};
			};
			buildConfigurationList = 9849916925E2187500CD4C63 /* Build configuration list for PBXProject "IOS_Assignment" */;
			compatibilityVersion = "Xcode 9.3";
			developmentRegion = en;
			hasScannedForEncodings = 0;
			knownRegions = (
				en,
				Base,
			);
			mainGroup = 9849916525E2187500CD4C63;
			productRefGroup = 9849916F25E2187500CD4C63 /* Products */;
			projectDirPath = "";
			projectRoot = "";
			targets = (
				9849916D25E2187500CD4C63 /* IOS_Assignment */,
			);
		};
/* End PBXProject section */

/* Begin PBXResourcesBuildPhase section */
		9849916C25E2187500CD4C63 /* Resources */ = {
			isa = PBXResourcesBuildPhase;
			buildActionMask = 2147483647;
			files = (
				9849917E25E2187500CD4C63 /* LaunchScreen.storyboard in Resources */,
				9805F61625F3862C00E9D41A /* pizza.png in Resources */,
				9805F62C25F3892B00E9D41A /* coffee-cup.png in Resources */,
				98990F7425EB5D87006E37DF /* icons8-kitchen-room-96.png in Resources */,
				98337DF825ED0DB300C309D1 /* CartTableViewCell.xib in Resources */,
				9805F62F25F3898400E9D41A /* cocktail.png in Resources */,
				9805F62325F3884300E9D41A /* mutton.png in Resources */,
				9805F62025F387B700E9D41A /* healthy-eating.png in Resources */,
				9849917B25E2187500CD4C63 /* Assets.xcassets in Resources */,
				989709E125F0054600D1C0AB /* OrderTableViewCell.xib in Resources */,
				98337E0725ED6E4200C309D1 /* hr.jpg in Resources */,
				98990F8A25EB780F006E37DF /* layer-211@2x.png in Resources */,
				9805F61A25F3869100E9D41A /* french-fries.png in Resources */,
				9805F62925F3892600E9D41A /* cake.png in Resources */,
				9805F62625F3884900E9D41A /* hot-dog.png in Resources */,
				9849917925E2187500CD4C63 /* Main.storyboard in Resources */,
				9805F61D25F3869900E9D41A /* burger.png in Resources */,
				981051F225EF5C32000A2B2B /* GoogleService-Info.plist in Resources */,
				98337E0025ED229D00C309D1 /* FoodsTableViewCell.xib in Resources */,
				98990F7F25EB71FC006E37DF /* pin2x-1.png in Resources */,
			);
			runOnlyForDeploymentPostprocessing = 0;
		};
/* End PBXResourcesBuildPhase section */

/* Begin PBXShellScriptBuildPhase section */
		2D1526A8F3B7683C156915B9 /* [CP] Embed Pods Frameworks */ = {
			isa = PBXShellScriptBuildPhase;
			buildActionMask = 2147483647;
			files = (
			);
			inputFileListPaths = (
				"${PODS_ROOT}/Target Support Files/Pods-IOS_Assignment/Pods-IOS_Assignment-frameworks-${CONFIGURATION}-input-files.xcfilelist",
			);
			name = "[CP] Embed Pods Frameworks";
			outputFileListPaths = (
				"${PODS_ROOT}/Target Support Files/Pods-IOS_Assignment/Pods-IOS_Assignment-frameworks-${CONFIGURATION}-output-files.xcfilelist",
			);
			runOnlyForDeploymentPostprocessing = 0;
			shellPath = /bin/sh;
			shellScript = "\"${PODS_ROOT}/Target Support Files/Pods-IOS_Assignment/Pods-IOS_Assignment-frameworks.sh\"\n";
			showEnvVarsInLog = 0;
		};
		937CAB8F9DE1DCE965A0C0F7 /* [CP] Check Pods Manifest.lock */ = {
			isa = PBXShellScriptBuildPhase;
			buildActionMask = 2147483647;
			files = (
			);
			inputFileListPaths = (
			);
			inputPaths = (
				"${PODS_PODFILE_DIR_PATH}/Podfile.lock",
				"${PODS_ROOT}/Manifest.lock",
			);
			name = "[CP] Check Pods Manifest.lock";
			outputFileListPaths = (
			);
			outputPaths = (
				"$(DERIVED_FILE_DIR)/Pods-IOS_Assignment-checkManifestLockResult.txt",
			);
			runOnlyForDeploymentPostprocessing = 0;
			shellPath = /bin/sh;
			shellScript = "diff \"${PODS_PODFILE_DIR_PATH}/Podfile.lock\" \"${PODS_ROOT}/Manifest.lock\" > /dev/null\nif [ $? != 0 ] ; then\n    # print error to STDERR\n    echo \"error: The sandbox is not in sync with the Podfile.lock. Run 'pod install' or update your CocoaPods installation.\" >&2\n    exit 1\nfi\n# This output is used by Xcode 'outputs' to avoid re-running this script phase.\necho \"SUCCESS\" > \"${SCRIPT_OUTPUT_FILE_0}\"\n";
			showEnvVarsInLog = 0;
		};
/* End PBXShellScriptBuildPhase section */

/* Begin PBXSourcesBuildPhase section */
		9849916A25E2187500CD4C63 /* Sources */ = {
			isa = PBXSourcesBuildPhase;
			buildActionMask = 2147483647;
			files = (
				98990F9625EB8D09006E37DF /* LocationService.swift in Sources */,
				98990F8725EB73D1006E37DF /* LocationViewController.swift in Sources */,
				989709DB25F000CE00D1C0AB /* OrderViewController.swift in Sources */,
				9849917625E2187500CD4C63 /* LoginViewController.swift in Sources */,
				98337E0425ED656E00C309D1 /* FoodDetailViewController.swift in Sources */,
				98337DF725ED0DB300C309D1 /* CartTableViewCell.swift in Sources */,
				98337DF325ED0B7000C309D1 /* HomeViewController.swift in Sources */,
				98337DFB25ED21AF00C309D1 /* Foods.swift in Sources */,
				9849917225E2187500CD4C63 /* AppDelegate.swift in Sources */,
				98990F7C25EB63FB006E37DF /* SignUpViewController.swift in Sources */,
				989709E025F0054600D1C0AB /* OrderTableViewCell.swift in Sources */,
				9849917425E2187500CD4C63 /* SceneDelegate.swift in Sources */,
				98990F9E25EB9D26006E37DF /* Cart.swift in Sources */,
				98337DFF25ED229D00C309D1 /* FoodsTableViewCell.swift in Sources */,
			);
			runOnlyForDeploymentPostprocessing = 0;
		};
/* End PBXSourcesBuildPhase section */

/* Begin PBXVariantGroup section */
		9849917725E2187500CD4C63 /* Main.storyboard */ = {
			isa = PBXVariantGroup;
			children = (
				9849917825E2187500CD4C63 /* Base */,
			);
			name = Main.storyboard;
			sourceTree = "<group>";
		};
		9849917C25E2187500CD4C63 /* LaunchScreen.storyboard */ = {
			isa = PBXVariantGroup;
			children = (
				9849917D25E2187500CD4C63 /* Base */,
			);
			name = LaunchScreen.storyboard;
			sourceTree = "<group>";
		};
/* End PBXVariantGroup section */

/* Begin XCBuildConfiguration section */
		9849918025E2187500CD4C63 /* Debug */ = {
			isa = XCBuildConfiguration;
			buildSettings = {
				ALWAYS_SEARCH_USER_PATHS = NO;
				CLANG_ANALYZER_NONNULL = YES;
				CLANG_ANALYZER_NUMBER_OBJECT_CONVERSION = YES_AGGRESSIVE;
				CLANG_CXX_LANGUAGE_STANDARD = "gnu++14";
				CLANG_CXX_LIBRARY = "libc++";
				CLANG_ENABLE_MODULES = YES;
				CLANG_ENABLE_OBJC_ARC = YES;
				CLANG_ENABLE_OBJC_WEAK = YES;
				CLANG_WARN_BLOCK_CAPTURE_AUTORELEASING = YES;
				CLANG_WARN_BOOL_CONVERSION = YES;
				CLANG_WARN_COMMA = YES;
				CLANG_WARN_CONSTANT_CONVERSION = YES;
				CLANG_WARN_DEPRECATED_OBJC_IMPLEMENTATIONS = YES;
				CLANG_WARN_DIRECT_OBJC_ISA_USAGE = YES_ERROR;
				CLANG_WARN_DOCUMENTATION_COMMENTS = YES;
				CLANG_WARN_EMPTY_BODY = YES;
				CLANG_WARN_ENUM_CONVERSION = YES;
				CLANG_WARN_INFINITE_RECURSION = YES;
				CLANG_WARN_INT_CONVERSION = YES;
				CLANG_WARN_NON_LITERAL_NULL_CONVERSION = YES;
				CLANG_WARN_OBJC_IMPLICIT_RETAIN_SELF = YES;
				CLANG_WARN_OBJC_LITERAL_CONVERSION = YES;
				CLANG_WARN_OBJC_ROOT_CLASS = YES_ERROR;
				CLANG_WARN_QUOTED_INCLUDE_IN_FRAMEWORK_HEADER = YES;
				CLANG_WARN_RANGE_LOOP_ANALYSIS = YES;
				CLANG_WARN_STRICT_PROTOTYPES = YES;
				CLANG_WARN_SUSPICIOUS_MOVE = YES;
				CLANG_WARN_UNGUARDED_AVAILABILITY = YES_AGGRESSIVE;
				CLANG_WARN_UNREACHABLE_CODE = YES;
				CLANG_WARN__DUPLICATE_METHOD_MATCH = YES;
				COPY_PHASE_STRIP = NO;
				DEBUG_INFORMATION_FORMAT = dwarf;
				ENABLE_STRICT_OBJC_MSGSEND = YES;
				ENABLE_TESTABILITY = YES;
				GCC_C_LANGUAGE_STANDARD = gnu11;
				GCC_DYNAMIC_NO_PIC = NO;
				GCC_NO_COMMON_BLOCKS = YES;
				GCC_OPTIMIZATION_LEVEL = 0;
				GCC_PREPROCESSOR_DEFINITIONS = (
					"DEBUG=1",
					"$(inherited)",
				);
				GCC_WARN_64_TO_32_BIT_CONVERSION = YES;
				GCC_WARN_ABOUT_RETURN_TYPE = YES_ERROR;
				GCC_WARN_UNDECLARED_SELECTOR = YES;
				GCC_WARN_UNINITIALIZED_AUTOS = YES_AGGRESSIVE;
				GCC_WARN_UNUSED_FUNCTION = YES;
				GCC_WARN_UNUSED_VARIABLE = YES;
				IPHONEOS_DEPLOYMENT_TARGET = 14.4;
				MTL_ENABLE_DEBUG_INFO = INCLUDE_SOURCE;
				MTL_FAST_MATH = YES;
				ONLY_ACTIVE_ARCH = YES;
				SDKROOT = iphoneos;
				SWIFT_ACTIVE_COMPILATION_CONDITIONS = DEBUG;
				SWIFT_OPTIMIZATION_LEVEL = "-Onone";
			};
			name = Debug;
		};
		9849918125E2187500CD4C63 /* Release */ = {
			isa = XCBuildConfiguration;
			buildSettings = {
				ALWAYS_SEARCH_USER_PATHS = NO;
				CLANG_ANALYZER_NONNULL = YES;
				CLANG_ANALYZER_NUMBER_OBJECT_CONVERSION = YES_AGGRESSIVE;
				CLANG_CXX_LANGUAGE_STANDARD = "gnu++14";
				CLANG_CXX_LIBRARY = "libc++";
				CLANG_ENABLE_MODULES = YES;
				CLANG_ENABLE_OBJC_ARC = YES;
				CLANG_ENABLE_OBJC_WEAK = YES;
				CLANG_WARN_BLOCK_CAPTURE_AUTORELEASING = YES;
				CLANG_WARN_BOOL_CONVERSION = YES;
				CLANG_WARN_COMMA = YES;
				CLANG_WARN_CONSTANT_CONVERSION = YES;
				CLANG_WARN_DEPRECATED_OBJC_IMPLEMENTATIONS = YES;
				CLANG_WARN_DIRECT_OBJC_ISA_USAGE = YES_ERROR;
				CLANG_WARN_DOCUMENTATION_COMMENTS = YES;
				CLANG_WARN_EMPTY_BODY = YES;
				CLANG_WARN_ENUM_CONVERSION = YES;
				CLANG_WARN_INFINITE_RECURSION = YES;
				CLANG_WARN_INT_CONVERSION = YES;
				CLANG_WARN_NON_LITERAL_NULL_CONVERSION = YES;
				CLANG_WARN_OBJC_IMPLICIT_RETAIN_SELF = YES;
				CLANG_WARN_OBJC_LITERAL_CONVERSION = YES;
				CLANG_WARN_OBJC_ROOT_CLASS = YES_ERROR;
				CLANG_WARN_QUOTED_INCLUDE_IN_FRAMEWORK_HEADER = YES;
				CLANG_WARN_RANGE_LOOP_ANALYSIS = YES;
				CLANG_WARN_STRICT_PROTOTYPES = YES;
				CLANG_WARN_SUSPICIOUS_MOVE = YES;
				CLANG_WARN_UNGUARDED_AVAILABILITY = YES_AGGRESSIVE;
				CLANG_WARN_UNREACHABLE_CODE = YES;
				CLANG_WARN__DUPLICATE_METHOD_MATCH = YES;
				COPY_PHASE_STRIP = NO;
				DEBUG_INFORMATION_FORMAT = "dwarf-with-dsym";
				ENABLE_NS_ASSERTIONS = NO;
				ENABLE_STRICT_OBJC_MSGSEND = YES;
				GCC_C_LANGUAGE_STANDARD = gnu11;
				GCC_NO_COMMON_BLOCKS = YES;
				GCC_WARN_64_TO_32_BIT_CONVERSION = YES;
				GCC_WARN_ABOUT_RETURN_TYPE = YES_ERROR;
				GCC_WARN_UNDECLARED_SELECTOR = YES;
				GCC_WARN_UNINITIALIZED_AUTOS = YES_AGGRESSIVE;
				GCC_WARN_UNUSED_FUNCTION = YES;
				GCC_WARN_UNUSED_VARIABLE = YES;
				IPHONEOS_DEPLOYMENT_TARGET = 14.4;
				MTL_ENABLE_DEBUG_INFO = NO;
				MTL_FAST_MATH = YES;
				SDKROOT = iphoneos;
				SWIFT_COMPILATION_MODE = wholemodule;
				SWIFT_OPTIMIZATION_LEVEL = "-O";
				VALIDATE_PRODUCT = YES;
			};
			name = Release;
		};
		9849918325E2187500CD4C63 /* Debug */ = {
			isa = XCBuildConfiguration;
			baseConfigurationReference = E0A1EAB5E4C9EB130ABA871D /* Pods-IOS_Assignment.debug.xcconfig */;
			buildSettings = {
				ASSETCATALOG_COMPILER_APPICON_NAME = AppIcon;
				ASSETCATALOG_COMPILER_GLOBAL_ACCENT_COLOR_NAME = AccentColor;
				CODE_SIGN_STYLE = Automatic;
				INFOPLIST_FILE = IOS_Assignment/Info.plist;
				IPHONEOS_DEPLOYMENT_TARGET = 13.0;
				LD_RUNPATH_SEARCH_PATHS = (
					"$(inherited)",
					"@executable_path/Frameworks",
				);
				PRODUCT_BUNDLE_IDENTIFIER = "Test.IOS-Assignment";
				PRODUCT_NAME = "$(TARGET_NAME)";
				SWIFT_VERSION = 5.0;
				TARGETED_DEVICE_FAMILY = "1,2";
			};
			name = Debug;
		};
		9849918425E2187500CD4C63 /* Release */ = {
			isa = XCBuildConfiguration;
			baseConfigurationReference = D3122F9D4DB77C72BBD873B6 /* Pods-IOS_Assignment.release.xcconfig */;
			buildSettings = {
				ASSETCATALOG_COMPILER_APPICON_NAME = AppIcon;
				ASSETCATALOG_COMPILER_GLOBAL_ACCENT_COLOR_NAME = AccentColor;
				CODE_SIGN_STYLE = Automatic;
				INFOPLIST_FILE = IOS_Assignment/Info.plist;
				IPHONEOS_DEPLOYMENT_TARGET = 13.0;
				LD_RUNPATH_SEARCH_PATHS = (
					"$(inherited)",
					"@executable_path/Frameworks",
				);
				PRODUCT_BUNDLE_IDENTIFIER = "Test.IOS-Assignment";
				PRODUCT_NAME = "$(TARGET_NAME)";
				SWIFT_VERSION = 5.0;
				TARGETED_DEVICE_FAMILY = "1,2";
			};
			name = Release;
		};
/* End XCBuildConfiguration section */

/* Begin XCConfigurationList section */
		9849916925E2187500CD4C63 /* Build configuration list for PBXProject "IOS_Assignment" */ = {
			isa = XCConfigurationList;
			buildConfigurations = (
				9849918025E2187500CD4C63 /* Debug */,
				9849918125E2187500CD4C63 /* Release */,
			);
			defaultConfigurationIsVisible = 0;
			defaultConfigurationName = Release;
		};
		9849918225E2187500CD4C63 /* Build configuration list for PBXNativeTarget "IOS_Assignment" */ = {
			isa = XCConfigurationList;
			buildConfigurations = (
				9849918325E2187500CD4C63 /* Debug */,
				9849918425E2187500CD4C63 /* Release */,
			);
			defaultConfigurationIsVisible = 0;
			defaultConfigurationName = Release;
		};
/* End XCConfigurationList section */
	};
	rootObject = 9849916625E2187500CD4C63 /* Project object */;
}
